
Microsoft Visual Studio Solution File, Format Version 12.00
# Visual Studio Version 17
VisualStudioVersion = 17.4.33122.133
MinimumVisualStudioVersion = 10.0.40219.1
Project("{9A19103F-16F7-4668-BE54-9A1E7A4F7556}") = "ApiRessource2", "ApiRessource2.csproj", "{B131FD75-0C0B-48EA-9943-3E30274ED291}"
EndProject
Project("{FAE04EC0-301F-11D3-BF4B-00C04F79EFBC}") = "ApiRessource2.Test", "ApiRessource2.Test\ApiRessource2.Test.csproj", "{A4BAFDC4-A759-4A83-8FEA-6EBFCC12FA40}"
EndProject
Global
	GlobalSection(SolutionConfigurationPlatforms) = preSolution
		Debug|Any CPU = Debug|Any CPU
		Release|Any CPU = Release|Any CPU
	EndGlobalSection
	GlobalSection(ProjectConfigurationPlatforms) = postSolution
		{B131FD75-0C0B-48EA-9943-3E30274ED291}.Debug|Any CPU.ActiveCfg = Debug|Any CPU
		{B131FD75-0C0B-48EA-9943-3E30274ED291}.Debug|Any CPU.Build.0 = Debug|Any CPU
		{B131FD75-0C0B-48EA-9943-3E30274ED291}.Release|Any CPU.ActiveCfg = Release|Any CPU
		{B131FD75-0C0B-48EA-9943-3E30274ED291}.Release|Any CPU.Build.0 = Release|Any CPU
		{A4BAFDC4-A759-4A83-8FEA-6EBFCC12FA40}.Debug|Any CPU.ActiveCfg = Debug|Any CPU
		{A4BAFDC4-A759-4A83-8FEA-6EBFCC12FA40}.Debug|Any CPU.Build.0 = Debug|Any CPU
		{A4BAFDC4-A759-4A83-8FEA-6EBFCC12FA40}.Release|Any CPU.ActiveCfg = Release|Any CPU
		{A4BAFDC4-A759-4A83-8FEA-6EBFCC12FA40}.Release|Any CPU.Build.0 = Release|Any CPU
	EndGlobalSection
	GlobalSection(SolutionProperties) = preSolution
		HideSolutionNode = FALSE
	EndGlobalSection
	GlobalSection(ExtensibilityGlobals) = postSolution
		SolutionGuid = {60731AA6-11E3-4C2E-A01F-C225533B5DCB}
	EndGlobalSection
EndGlobal
